// !$*UTF8*$!
{
	archiveVersion = 1;
	classes = {
	};
	objectVersion = 50;
	objects = {

/* Begin PBXBuildFile section */
		62B4D0E121CC47DC00A36C01 /* AppDelegate.swift in Sources */ = {isa = PBXBuildFile; fileRef = 62B4D0E021CC47DC00A36C01 /* AppDelegate.swift */; };
		62B4D0E321CC47DC00A36C01 /* ViewController.swift in Sources */ = {isa = PBXBuildFile; fileRef = 62B4D0E221CC47DC00A36C01 /* ViewController.swift */; };
		62B4D0E621CC47DC00A36C01 /* Main.storyboard in Resources */ = {isa = PBXBuildFile; fileRef = 62B4D0E421CC47DC00A36C01 /* Main.storyboard */; };
		62B4D0E821CC47DD00A36C01 /* Assets.xcassets in Resources */ = {isa = PBXBuildFile; fileRef = 62B4D0E721CC47DD00A36C01 /* Assets.xcassets */; };
		62B4D0EB21CC47DD00A36C01 /* LaunchScreen.storyboard in Resources */ = {isa = PBXBuildFile; fileRef = 62B4D0E921CC47DD00A36C01 /* LaunchScreen.storyboard */; };
		62B4D0F621CC47DD00A36C01 /* CountryChangeUseCaseTests.swift in Sources */ = {isa = PBXBuildFile; fileRef = 62B4D0F521CC47DD00A36C01 /* CountryChangeUseCaseTests.swift */; };
		62B4D10221CC490100A36C01 /* Country.swift in Sources */ = {isa = PBXBuildFile; fileRef = 62B4D10121CC490100A36C01 /* Country.swift */; };
		62B4D10421CC491700A36C01 /* Currency.swift in Sources */ = {isa = PBXBuildFile; fileRef = 62B4D10321CC491700A36C01 /* Currency.swift */; };
		62B4D10821CC498900A36C01 /* CountryChangeUseCaseContracts.swift in Sources */ = {isa = PBXBuildFile; fileRef = 62B4D10721CC498900A36C01 /* CountryChangeUseCaseContracts.swift */; };
		62B4D10A21CC4A2000A36C01 /* CountryChangeUseCase.swift in Sources */ = {isa = PBXBuildFile; fileRef = 62B4D10921CC4A2000A36C01 /* CountryChangeUseCase.swift */; };
		62B4D10D21CC58C500A36C01 /* Helpers.swift in Sources */ = {isa = PBXBuildFile; fileRef = 62B4D10C21CC58C500A36C01 /* Helpers.swift */; };
		62B4D10F21CC5AE800A36C01 /* CurrencyPair.swift in Sources */ = {isa = PBXBuildFile; fileRef = 62B4D10E21CC5AE800A36C01 /* CurrencyPair.swift */; };
/* End PBXBuildFile section */

/* Begin PBXContainerItemProxy section */
		62B4D0F221CC47DD00A36C01 /* PBXContainerItemProxy */ = {
			isa = PBXContainerItemProxy;
			containerPortal = 62B4D0D521CC47DC00A36C01 /* Project object */;
			proxyType = 1;
			remoteGlobalIDString = 62B4D0DC21CC47DC00A36C01;
			remoteInfo = UnitTesting;
		};
/* End PBXContainerItemProxy section */

/* Begin PBXFileReference section */
		62B4D0DD21CC47DC00A36C01 /* UnitTesting.app */ = {isa = PBXFileReference; explicitFileType = wrapper.application; includeInIndex = 0; path = UnitTesting.app; sourceTree = BUILT_PRODUCTS_DIR; };
		62B4D0E021CC47DC00A36C01 /* AppDelegate.swift */ = {isa = PBXFileReference; lastKnownFileType = sourcecode.swift; path = AppDelegate.swift; sourceTree = "<group>"; };
		62B4D0E221CC47DC00A36C01 /* ViewController.swift */ = {isa = PBXFileReference; lastKnownFileType = sourcecode.swift; path = ViewController.swift; sourceTree = "<group>"; };
		62B4D0E521CC47DC00A36C01 /* Base */ = {isa = PBXFileReference; lastKnownFileType = file.storyboard; name = Base; path = Base.lproj/Main.storyboard; sourceTree = "<group>"; };
		62B4D0E721CC47DD00A36C01 /* Assets.xcassets */ = {isa = PBXFileReference; lastKnownFileType = folder.assetcatalog; path = Assets.xcassets; sourceTree = "<group>"; };
		62B4D0EA21CC47DD00A36C01 /* Base */ = {isa = PBXFileReference; lastKnownFileType = file.storyboard; name = Base; path = Base.lproj/LaunchScreen.storyboard; sourceTree = "<group>"; };
		62B4D0EC21CC47DD00A36C01 /* Info.plist */ = {isa = PBXFileReference; lastKnownFileType = text.plist.xml; path = Info.plist; sourceTree = "<group>"; };
		62B4D0F121CC47DD00A36C01 /* UnitTestingTests.xctest */ = {isa = PBXFileReference; explicitFileType = wrapper.cfbundle; includeInIndex = 0; path = UnitTestingTests.xctest; sourceTree = BUILT_PRODUCTS_DIR; };
		62B4D0F521CC47DD00A36C01 /* CountryChangeUseCaseTests.swift */ = {isa = PBXFileReference; lastKnownFileType = sourcecode.swift; path = CountryChangeUseCaseTests.swift; sourceTree = "<group>"; };
		62B4D0F721CC47DD00A36C01 /* Info.plist */ = {isa = PBXFileReference; lastKnownFileType = text.plist.xml; path = Info.plist; sourceTree = "<group>"; };
		62B4D10121CC490100A36C01 /* Country.swift */ = {isa = PBXFileReference; lastKnownFileType = sourcecode.swift; path = Country.swift; sourceTree = "<group>"; };
		62B4D10321CC491700A36C01 /* Currency.swift */ = {isa = PBXFileReference; lastKnownFileType = sourcecode.swift; path = Currency.swift; sourceTree = "<group>"; };
		62B4D10721CC498900A36C01 /* CountryChangeUseCaseContracts.swift */ = {isa = PBXFileReference; lastKnownFileType = sourcecode.swift; path = CountryChangeUseCaseContracts.swift; sourceTree = "<group>"; };
		62B4D10921CC4A2000A36C01 /* CountryChangeUseCase.swift */ = {isa = PBXFileReference; lastKnownFileType = sourcecode.swift; path = CountryChangeUseCase.swift; sourceTree = "<group>"; };
		62B4D10C21CC58C500A36C01 /* Helpers.swift */ = {isa = PBXFileReference; lastKnownFileType = sourcecode.swift; path = Helpers.swift; sourceTree = "<group>"; };
		62B4D10E21CC5AE800A36C01 /* CurrencyPair.swift */ = {isa = PBXFileReference; lastKnownFileType = sourcecode.swift; path = CurrencyPair.swift; sourceTree = "<group>"; };
/* End PBXFileReference section */

/* Begin PBXFrameworksBuildPhase section */
		62B4D0DA21CC47DC00A36C01 /* Frameworks */ = {
			isa = PBXFrameworksBuildPhase;
			buildActionMask = 2147483647;
			files = (
			);
			runOnlyForDeploymentPostprocessing = 0;
		};
		62B4D0EE21CC47DD00A36C01 /* Frameworks */ = {
			isa = PBXFrameworksBuildPhase;
			buildActionMask = 2147483647;
			files = (
			);
			runOnlyForDeploymentPostprocessing = 0;
		};
/* End PBXFrameworksBuildPhase section */

/* Begin PBXGroup section */
		62B4D0D421CC47DC00A36C01 = {
			isa = PBXGroup;
			children = (
				62B4D0DF21CC47DC00A36C01 /* UnitTesting */,
				62B4D0F421CC47DD00A36C01 /* UnitTestingTests */,
				62B4D0DE21CC47DC00A36C01 /* Products */,
			);
			sourceTree = "<group>";
		};
		62B4D0DE21CC47DC00A36C01 /* Products */ = {
			isa = PBXGroup;
			children = (
				62B4D0DD21CC47DC00A36C01 /* UnitTesting.app */,
				62B4D0F121CC47DD00A36C01 /* UnitTestingTests.xctest */,
			);
			name = Products;
			sourceTree = "<group>";
		};
		62B4D0DF21CC47DC00A36C01 /* UnitTesting */ = {
			isa = PBXGroup;
			children = (
				62B4D10021CC48F300A36C01 /* DataModels */,
				62B4D10621CC492E00A36C01 /* UseCases */,
				62B4D0E021CC47DC00A36C01 /* AppDelegate.swift */,
				62B4D0E221CC47DC00A36C01 /* ViewController.swift */,
				62B4D0E421CC47DC00A36C01 /* Main.storyboard */,
				62B4D0E721CC47DD00A36C01 /* Assets.xcassets */,
				62B4D0E921CC47DD00A36C01 /* LaunchScreen.storyboard */,
				62B4D0EC21CC47DD00A36C01 /* Info.plist */,
			);
			path = UnitTesting;
			sourceTree = "<group>";
		};
		62B4D0F421CC47DD00A36C01 /* UnitTestingTests */ = {
			isa = PBXGroup;
			children = (
				62B4D0F521CC47DD00A36C01 /* CountryChangeUseCaseTests.swift */,
				62B4D0F721CC47DD00A36C01 /* Info.plist */,
			);
			path = UnitTestingTests;
			sourceTree = "<group>";
		};
		62B4D10021CC48F300A36C01 /* DataModels */ = {
			isa = PBXGroup;
			children = (
				62B4D10121CC490100A36C01 /* Country.swift */,
				62B4D10321CC491700A36C01 /* Currency.swift */,
				62B4D10E21CC5AE800A36C01 /* CurrencyPair.swift */,
				62B4D10C21CC58C500A36C01 /* Helpers.swift */,
			);
			path = DataModels;
			sourceTree = "<group>";
		};
		62B4D10621CC492E00A36C01 /* UseCases */ = {
			isa = PBXGroup;
			children = (
				62B4D10721CC498900A36C01 /* CountryChangeUseCaseContracts.swift */,
				62B4D10921CC4A2000A36C01 /* CountryChangeUseCase.swift */,
			);
			path = UseCases;
			sourceTree = "<group>";
		};
/* End PBXGroup section */

/* Begin PBXNativeTarget section */
		62B4D0DC21CC47DC00A36C01 /* UnitTesting */ = {
			isa = PBXNativeTarget;
			buildConfigurationList = 62B4D0FA21CC47DE00A36C01 /* Build configuration list for PBXNativeTarget "UnitTesting" */;
			buildPhases = (
				62B4D0D921CC47DC00A36C01 /* Sources */,
				62B4D0DA21CC47DC00A36C01 /* Frameworks */,
				62B4D0DB21CC47DC00A36C01 /* Resources */,
			);
			buildRules = (
			);
			dependencies = (
			);
			name = UnitTesting;
			productName = UnitTesting;
			productReference = 62B4D0DD21CC47DC00A36C01 /* UnitTesting.app */;
			productType = "com.apple.product-type.application";
		};
		62B4D0F021CC47DD00A36C01 /* UnitTestingTests */ = {
			isa = PBXNativeTarget;
			buildConfigurationList = 62B4D0FD21CC47DE00A36C01 /* Build configuration list for PBXNativeTarget "UnitTestingTests" */;
			buildPhases = (
				62B4D0ED21CC47DD00A36C01 /* Sources */,
				62B4D0EE21CC47DD00A36C01 /* Frameworks */,
				62B4D0EF21CC47DD00A36C01 /* Resources */,
			);
			buildRules = (
			);
			dependencies = (
				62B4D0F321CC47DD00A36C01 /* PBXTargetDependency */,
			);
			name = UnitTestingTests;
			productName = UnitTestingTests;
			productReference = 62B4D0F121CC47DD00A36C01 /* UnitTestingTests.xctest */;
			productType = "com.apple.product-type.bundle.unit-test";
		};
/* End PBXNativeTarget section */

/* Begin PBXProject section */
		62B4D0D521CC47DC00A36C01 /* Project object */ = {
			isa = PBXProject;
			attributes = {
				LastSwiftUpdateCheck = 1010;
				LastUpgradeCheck = 1010;
				ORGANIZATIONNAME = GK;
				TargetAttributes = {
					62B4D0DC21CC47DC00A36C01 = {
						CreatedOnToolsVersion = 10.1;
					};
					62B4D0F021CC47DD00A36C01 = {
						CreatedOnToolsVersion = 10.1;
						TestTargetID = 62B4D0DC21CC47DC00A36C01;
					};
				};
			};
			buildConfigurationList = 62B4D0D821CC47DC00A36C01 /* Build configuration list for PBXProject "UnitTesting" */;
			compatibilityVersion = "Xcode 9.3";
			developmentRegion = en;
			hasScannedForEncodings = 0;
			knownRegions = (
				en,
				Base,
			);
			mainGroup = 62B4D0D421CC47DC00A36C01;
			productRefGroup = 62B4D0DE21CC47DC00A36C01 /* Products */;
			projectDirPath = "";
			projectRoot = "";
			targets = (
				62B4D0DC21CC47DC00A36C01 /* UnitTesting */,
				62B4D0F021CC47DD00A36C01 /* UnitTestingTests */,
			);
		};
/* End PBXProject section */

/* Begin PBXResourcesBuildPhase section */
		62B4D0DB21CC47DC00A36C01 /* Resources */ = {
			isa = PBXResourcesBuildPhase;
			buildActionMask = 2147483647;
			files = (
				62B4D0EB21CC47DD00A36C01 /* LaunchScreen.storyboard in Resources */,
				62B4D0E821CC47DD00A36C01 /* Assets.xcassets in Resources */,
				62B4D0E621CC47DC00A36C01 /* Main.storyboard in Resources */,
			);
			runOnlyForDeploymentPostprocessing = 0;
		};
		62B4D0EF21CC47DD00A36C01 /* Resources */ = {
			isa = PBXResourcesBuildPhase;
			buildActionMask = 2147483647;
			files = (
			);
			runOnlyForDeploymentPostprocessing = 0;
		};
/* End PBXResourcesBuildPhase section */

/* Begin PBXSourcesBuildPhase section */
		62B4D0D921CC47DC00A36C01 /* Sources */ = {
			isa = PBXSourcesBuildPhase;
			buildActionMask = 2147483647;
			files = (
				62B4D10A21CC4A2000A36C01 /* CountryChangeUseCase.swift in Sources */,
				62B4D10D21CC58C500A36C01 /* Helpers.swift in Sources */,
				62B4D10421CC491700A36C01 /* Currency.swift in Sources */,
				62B4D0E321CC47DC00A36C01 /* ViewController.swift in Sources */,
				62B4D10F21CC5AE800A36C01 /* CurrencyPair.swift in Sources */,
				62B4D10221CC490100A36C01 /* Country.swift in Sources */,
				62B4D10821CC498900A36C01 /* CountryChangeUseCaseContracts.swift in Sources */,
				62B4D0E121CC47DC00A36C01 /* AppDelegate.swift in Sources */,
			);
			runOnlyForDeploymentPostprocessing = 0;
		};
		62B4D0ED21CC47DD00A36C01 /* Sources */ = {
			isa = PBXSourcesBuildPhase;
			buildActionMask = 2147483647;
			files = (
				62B4D0F621CC47DD00A36C01 /* CountryChangeUseCaseTests.swift in Sources */,
			);
			runOnlyForDeploymentPostprocessing = 0;
		};
/* End PBXSourcesBuildPhase section */

/* Begin PBXTargetDependency section */
		62B4D0F321CC47DD00A36C01 /* PBXTargetDependency */ = {
			isa = PBXTargetDependency;
			target = 62B4D0DC21CC47DC00A36C01 /* UnitTesting */;
			targetProxy = 62B4D0F221CC47DD00A36C01 /* PBXContainerItemProxy */;
		};
/* End PBXTargetDependency section */

/* Begin PBXVariantGroup section */
		62B4D0E421CC47DC00A36C01 /* Main.storyboard */ = {
			isa = PBXVariantGroup;
			children = (
				62B4D0E521CC47DC00A36C01 /* Base */,
			);
			name = Main.storyboard;
			sourceTree = "<group>";
		};
		62B4D0E921CC47DD00A36C01 /* LaunchScreen.storyboard */ = {
			isa = PBXVariantGroup;
			children = (
				62B4D0EA21CC47DD00A36C01 /* Base */,
			);
			name = LaunchScreen.storyboard;
			sourceTree = "<group>";
		};
/* End PBXVariantGroup section */

/* Begin XCBuildConfiguration section */
		62B4D0F821CC47DE00A36C01 /* Debug */ = {
			isa = XCBuildConfiguration;
			buildSettings = {
				ALWAYS_SEARCH_USER_PATHS = NO;
				CLANG_ANALYZER_NONNULL = YES;
				CLANG_ANALYZER_NUMBER_OBJECT_CONVERSION = YES_AGGRESSIVE;
				CLANG_CXX_LANGUAGE_STANDARD = "gnu++14";
				CLANG_CXX_LIBRARY = "libc++";
				CLANG_ENABLE_MODULES = YES;
				CLANG_ENABLE_OBJC_ARC = YES;
				CLANG_ENABLE_OBJC_WEAK = YES;
				CLANG_WARN_BLOCK_CAPTURE_AUTORELEASING = YES;
				CLANG_WARN_BOOL_CONVERSION = YES;
				CLANG_WARN_COMMA = YES;
				CLANG_WARN_CONSTANT_CONVERSION = YES;
				CLANG_WARN_DEPRECATED_OBJC_IMPLEMENTATIONS = YES;
				CLANG_WARN_DIRECT_OBJC_ISA_USAGE = YES_ERROR;
				CLANG_WARN_DOCUMENTATION_COMMENTS = YES;
				CLANG_WARN_EMPTY_BODY = YES;
				CLANG_WARN_ENUM_CONVERSION = YES;
				CLANG_WARN_INFINITE_RECURSION = YES;
				CLANG_WARN_INT_CONVERSION = YES;
				CLANG_WARN_NON_LITERAL_NULL_CONVERSION = YES;
				CLANG_WARN_OBJC_IMPLICIT_RETAIN_SELF = YES;
				CLANG_WARN_OBJC_LITERAL_CONVERSION = YES;
				CLANG_WARN_OBJC_ROOT_CLASS = YES_ERROR;
				CLANG_WARN_RANGE_LOOP_ANALYSIS = YES;
				CLANG_WARN_STRICT_PROTOTYPES = YES;
				CLANG_WARN_SUSPICIOUS_MOVE = YES;
				CLANG_WARN_UNGUARDED_AVAILABILITY = YES_AGGRESSIVE;
				CLANG_WARN_UNREACHABLE_CODE = YES;
				CLANG_WARN__DUPLICATE_METHOD_MATCH = YES;
				CODE_SIGN_IDENTITY = "iPhone Developer";
				COPY_PHASE_STRIP = NO;
				DEBUG_INFORMATION_FORMAT = dwarf;
				ENABLE_STRICT_OBJC_MSGSEND = YES;
				ENABLE_TESTABILITY = YES;
				GCC_C_LANGUAGE_STANDARD = gnu11;
				GCC_DYNAMIC_NO_PIC = NO;
				GCC_NO_COMMON_BLOCKS = YES;
				GCC_OPTIMIZATION_LEVEL = 0;
				GCC_PREPROCESSOR_DEFINITIONS = (
					"DEBUG=1",
					"$(inherited)",
				);
				GCC_WARN_64_TO_32_BIT_CONVERSION = YES;
				GCC_WARN_ABOUT_RETURN_TYPE = YES_ERROR;
				GCC_WARN_UNDECLARED_SELECTOR = YES;
				GCC_WARN_UNINITIALIZED_AUTOS = YES_AGGRESSIVE;
				GCC_WARN_UNUSED_FUNCTION = YES;
				GCC_WARN_UNUSED_VARIABLE = YES;
				IPHONEOS_DEPLOYMENT_TARGET = 12.1;
				MTL_ENABLE_DEBUG_INFO = INCLUDE_SOURCE;
				MTL_FAST_MATH = YES;
				ONLY_ACTIVE_ARCH = YES;
				SDKROOT = iphoneos;
				SWIFT_ACTIVE_COMPILATION_CONDITIONS = DEBUG;
				SWIFT_OPTIMIZATION_LEVEL = "-Onone";
			};
			name = Debug;
		};
		62B4D0F921CC47DE00A36C01 /* Release */ = {
			isa = XCBuildConfiguration;
			buildSettings = {
				ALWAYS_SEARCH_USER_PATHS = NO;
				CLANG_ANALYZER_NONNULL = YES;
				CLANG_ANALYZER_NUMBER_OBJECT_CONVERSION = YES_AGGRESSIVE;
				CLANG_CXX_LANGUAGE_STANDARD = "gnu++14";
				CLANG_CXX_LIBRARY = "libc++";
				CLANG_ENABLE_MODULES = YES;
				CLANG_ENABLE_OBJC_ARC = YES;
				CLANG_ENABLE_OBJC_WEAK = YES;
				CLANG_WARN_BLOCK_CAPTURE_AUTORELEASING = YES;
				CLANG_WARN_BOOL_CONVERSION = YES;
				CLANG_WARN_COMMA = YES;
				CLANG_WARN_CONSTANT_CONVERSION = YES;
				CLANG_WARN_DEPRECATED_OBJC_IMPLEMENTATIONS = YES;
				CLANG_WARN_DIRECT_OBJC_ISA_USAGE = YES_ERROR;
				CLANG_WARN_DOCUMENTATION_COMMENTS = YES;
				CLANG_WARN_EMPTY_BODY = YES;
				CLANG_WARN_ENUM_CONVERSION = YES;
				CLANG_WARN_INFINITE_RECURSION = YES;
				CLANG_WARN_INT_CONVERSION = YES;
				CLANG_WARN_NON_LITERAL_NULL_CONVERSION = YES;
				CLANG_WARN_OBJC_IMPLICIT_RETAIN_SELF = YES;
				CLANG_WARN_OBJC_LITERAL_CONVERSION = YES;
				CLANG_WARN_OBJC_ROOT_CLASS = YES_ERROR;
				CLANG_WARN_RANGE_LOOP_ANALYSIS = YES;
				CLANG_WARN_STRICT_PROTOTYPES = YES;
				CLANG_WARN_SUSPICIOUS_MOVE = YES;
				CLANG_WARN_UNGUARDED_AVAILABILITY = YES_AGGRESSIVE;
				CLANG_WARN_UNREACHABLE_CODE = YES;
				CLANG_WARN__DUPLICATE_METHOD_MATCH = YES;
				CODE_SIGN_IDENTITY = "iPhone Developer";
				COPY_PHASE_STRIP = NO;
				DEBUG_INFORMATION_FORMAT = "dwarf-with-dsym";
				ENABLE_NS_ASSERTIONS = NO;
				ENABLE_STRICT_OBJC_MSGSEND = YES;
				GCC_C_LANGUAGE_STANDARD = gnu11;
				GCC_NO_COMMON_BLOCKS = YES;
				GCC_WARN_64_TO_32_BIT_CONVERSION = YES;
				GCC_WARN_ABOUT_RETURN_TYPE = YES_ERROR;
				GCC_WARN_UNDECLARED_SELECTOR = YES;
				GCC_WARN_UNINITIALIZED_AUTOS = YES_AGGRESSIVE;
				GCC_WARN_UNUSED_FUNCTION = YES;
				GCC_WARN_UNUSED_VARIABLE = YES;
				IPHONEOS_DEPLOYMENT_TARGET = 12.1;
				MTL_ENABLE_DEBUG_INFO = NO;
				MTL_FAST_MATH = YES;
				SDKROOT = iphoneos;
				SWIFT_COMPILATION_MODE = wholemodule;
				SWIFT_OPTIMIZATION_LEVEL = "-O";
				VALIDATE_PRODUCT = YES;
			};
			name = Release;
		};
		62B4D0FB21CC47DE00A36C01 /* Debug */ = {
			isa = XCBuildConfiguration;
			buildSettings = {
				ASSETCATALOG_COMPILER_APPICON_NAME = AppIcon;
				CODE_SIGN_STYLE = Automatic;
				INFOPLIST_FILE = UnitTesting/Info.plist;
				LD_RUNPATH_SEARCH_PATHS = (
					"$(inherited)",
					"@executable_path/Frameworks",
				);
				PRODUCT_BUNDLE_IDENTIFIER = me.gk.UnitTesting;
				PRODUCT_NAME = "$(TARGET_NAME)";
				SWIFT_VERSION = 4.2;
				TARGETED_DEVICE_FAMILY = "1,2";
			};
			name = Debug;
		};
		62B4D0FC21CC47DE00A36C01 /* Release */ = {
			isa = XCBuildConfiguration;
			buildSettings = {
				ASSETCATALOG_COMPILER_APPICON_NAME = AppIcon;
				CODE_SIGN_STYLE = Automatic;
				INFOPLIST_FILE = UnitTesting/Info.plist;
				LD_RUNPATH_SEARCH_PATHS = (
					"$(inherited)",
					"@executable_path/Frameworks",
				);
				PRODUCT_BUNDLE_IDENTIFIER = me.gk.UnitTesting;
				PRODUCT_NAME = "$(TARGET_NAME)";
				SWIFT_VERSION = 4.2;
				TARGETED_DEVICE_FAMILY = "1,2";
			};
			name = Release;
		};
		62B4D0FE21CC47DE00A36C01 /* Debug */ = {
			isa = XCBuildConfiguration;
			buildSettings = {
				ALWAYS_EMBED_SWIFT_STANDARD_LIBRARIES = YES;
				BUNDLE_LOADER = "$(TEST_HOST)";
				CODE_SIGN_STYLE = Automatic;
				INFOPLIST_FILE = UnitTestingTests/Info.plist;
				LD_RUNPATH_SEARCH_PATHS = (
					"$(inherited)",
					"@executable_path/Frameworks",
					"@loader_path/Frameworks",
				);
				PRODUCT_BUNDLE_IDENTIFIER = me.gk.UnitTestingTests;
				PRODUCT_NAME = "$(TARGET_NAME)";
				SWIFT_VERSION = 4.2;
				TARGETED_DEVICE_FAMILY = "1,2";
				TEST_HOST = "$(BUILT_PRODUCTS_DIR)/UnitTesting.app/UnitTesting";
			};
			name = Debug;
		};
		62B4D0FF21CC47DE00A36C01 /* Release */ = {
			isa = XCBuildConfiguration;
			buildSettings = {
				ALWAYS_EMBED_SWIFT_STANDARD_LIBRARIES = YES;
				BUNDLE_LOADER = "$(TEST_HOST)";
				CODE_SIGN_STYLE = Automatic;
				INFOPLIST_FILE = UnitTestingTests/Info.plist;
				LD_RUNPATH_SEARCH_PATHS = (
					"$(inherited)",
					"@executable_path/Frameworks",
					"@loader_path/Frameworks",
				);
				PRODUCT_BUNDLE_IDENTIFIER = me.gk.UnitTestingTests;
				PRODUCT_NAME = "$(TARGET_NAME)";
				SWIFT_VERSION = 4.2;
				TARGETED_DEVICE_FAMILY = "1,2";
				TEST_HOST = "$(BUILT_PRODUCTS_DIR)/UnitTesting.app/UnitTesting";
			};
			name = Release;
		};
/* End XCBuildConfiguration section */

/* Begin XCConfigurationList section */
		62B4D0D821CC47DC00A36C01 /* Build configuration list for PBXProject "UnitTesting" */ = {
			isa = XCConfigurationList;
			buildConfigurations = (
				62B4D0F821CC47DE00A36C01 /* Debug */,
				62B4D0F921CC47DE00A36C01 /* Release */,
			);
			defaultConfigurationIsVisible = 0;
			defaultConfigurationName = Release;
		};
		62B4D0FA21CC47DE00A36C01 /* Build configuration list for PBXNativeTarget "UnitTesting" */ = {
			isa = XCConfigurationList;
			buildConfigurations = (
				62B4D0FB21CC47DE00A36C01 /* Debug */,
				62B4D0FC21CC47DE00A36C01 /* Release */,
			);
			defaultConfigurationIsVisible = 0;
			defaultConfigurationName = Release;
		};
		62B4D0FD21CC47DE00A36C01 /* Build configuration list for PBXNativeTarget "UnitTestingTests" */ = {
			isa = XCConfigurationList;
			buildConfigurations = (
				62B4D0FE21CC47DE00A36C01 /* Debug */,
				62B4D0FF21CC47DE00A36C01 /* Release */,
			);
			defaultConfigurationIsVisible = 0;
			defaultConfigurationName = Release;
		};
/* End XCConfigurationList section */
	};
	rootObject = 62B4D0D521CC47DC00A36C01 /* Project object */;
}
